
Microsoft Visual Studio Solution File, Format Version 12.00
# Visual Studio Version 17
VisualStudioVersion = 17.7.34031.279
MinimumVisualStudioVersion = 10.0.40219.1
Project("{FAE04EC0-301F-11D3-BF4B-00C04F79EFBC}") = "CSharp_11_Book", "CSharp_11_Book.csproj", "{FEEE17F1-0A10-4F8A-B267-AA2C896AE60B}"
EndProject
Global
	GlobalSection(SolutionConfigurationPlatforms) = preSolution
		Debug|Any CPU = Debug|Any CPU
		Release|Any CPU = Release|Any CPU
	EndGlobalSection
	GlobalSection(ProjectConfigurationPlatforms) = postSolution
		{FEEE17F1-0A10-4F8A-B267-AA2C896AE60B}.Debug|Any CPU.ActiveCfg = Debug|Any CPU
		{FEEE17F1-0A10-4F8A-B267-AA2C896AE60B}.Debug|Any CPU.Build.0 = Debug|Any CPU
		{FEEE17F1-0A10-4F8A-B267-AA2C896AE60B}.Release|Any CPU.ActiveCfg = Release|Any CPU
		{FEEE17F1-0A10-4F8A-B267-AA2C896AE60B}.Release|Any CPU.Build.0 = Release|Any CPU
	EndGlobalSection
	GlobalSection(SolutionProperties) = preSolution
		HideSolutionNode = FALSE
	EndGlobalSection
	GlobalSection(ExtensibilityGlobals) = postSolution
		SolutionGuid = {A0D99CC9-BB05-468B-B617-DA2DA9CCE511}
	EndGlobalSection
EndGlobal
